// !$*UTF8*$!
{
	archiveVersion = 1;
	classes = {
	};
	objectVersion = 77;
	objects = {

/* Begin PBXBuildFile section */
		A11C000000000000000000011 /* MWDATCore in Frameworks */ = {isa = PBXBuildFile; productRef = A11C000000000000000000041 /* MWDATCore */; };
		A11C000000000000000000012 /* MWDATCamera in Frameworks */ = {isa = PBXBuildFile; productRef = A11C000000000000000000042 /* MWDATCamera */; };
		B0A000000000000000000001 /* LumiTimerLiveActivity.swift in Sources */ = {isa = PBXBuildFile; fileRef = B0A000000000000000000012 /* LumiTimerLiveActivity.swift */; };
		B0A000000000000000000002 /* LumiTimerActivityAttributes.swift in Sources */ = {isa = PBXBuildFile; fileRef = B0A000000000000000000013 /* LumiTimerActivityAttributes.swift */; };
		B0A000000000000000000003 /* LumiTimerLiveActivity.appex in Embed App Extensions */ = {isa = PBXBuildFile; fileRef = B0A000000000000000000011 /* LumiTimerLiveActivity.appex */; settings = {ATTRIBUTES = (RemoveHeadersOnCopy, ); }; };
/* End PBXBuildFile section */

/* Begin PBXContainerItemProxy section */
		B0A000000000000000000061 /* PBXContainerItemProxy */ = {
			isa = PBXContainerItemProxy;
			containerPortal = 9F16E6F630429BF5005C344C /* Project object */;
			proxyType = 1;
			remoteGlobalIDString = B0A000000000000000000041;
			remoteInfo = LumiTimerLiveActivity;
		};
/* End PBXContainerItemProxy section */

/* Begin PBXCopyFilesBuildPhase section */
		B0A000000000000000000034 /* Embed App Extensions */ = {
			isa = PBXCopyFilesBuildPhase;
			buildActionMask = 2147483647;
			dstPath = "";
			dstSubfolderSpec = 13;
			files = (
				B0A000000000000000000003 /* LumiTimerLiveActivity.appex in Embed App Extensions */,
			);
			name = "Embed App Extensions";
			runOnlyForDeploymentPostprocessing = 0;
		};
/* End PBXCopyFilesBuildPhase section */

/* Begin PBXFileReference section */
		9F16E6FE30429BF5005C344C /* MetaGemini.app */ = {isa = PBXFileReference; explicitFileType = wrapper.application; includeInIndex = 0; path = MetaGemini.app; sourceTree = BUILT_PRODUCTS_DIR; };
		A11C000000000000000000021 /* Debug.xcconfig */ = {isa = PBXFileReference; lastKnownFileType = text.xcconfig; path = Debug.xcconfig; sourceTree = "<group>"; };
		A11C000000000000000000022 /* Release.xcconfig */ = {isa = PBXFileReference; lastKnownFileType = text.xcconfig; path = Release.xcconfig; sourceTree = "<group>"; };
		B0A000000000000000000011 /* LumiTimerLiveActivity.appex */ = {isa = PBXFileReference; explicitFileType = "wrapper.app-extension"; includeInIndex = 0; path = LumiTimerLiveActivity.appex; sourceTree = BUILT_PRODUCTS_DIR; };
		B0A000000000000000000012 /* LumiTimerLiveActivity.swift */ = {isa = PBXFileReference; lastKnownFileType = sourcecode.swift; path = LumiTimerLiveActivity.swift; sourceTree = "<group>"; };
		B0A000000000000000000013 /* LumiTimerActivityAttributes.swift */ = {isa = PBXFileReference; lastKnownFileType = sourcecode.swift; path = ../MetaGemini/LumiTimerActivityAttributes.swift; sourceTree = "<group>"; };
		B0A000000000000000000014 /* Info.plist */ = {isa = PBXFileReference; lastKnownFileType = text.plist.xml; path = Info.plist; sourceTree = "<group>"; };
/* End PBXFileReference section */

/* Begin PBXFileSystemSynchronizedRootGroup section */
		9F16E70030429BF5005C344C /* MetaGemini */ = {
			isa = PBXFileSystemSynchronizedRootGroup;
			path = MetaGemini;
			sourceTree = "<group>";
		};
/* End PBXFileSystemSynchronizedRootGroup section */

/* Begin PBXFrameworksBuildPhase section */
		9F16E6FB30429BF5005C344C /* Frameworks */ = {
			isa = PBXFrameworksBuildPhase;
			buildActionMask = 2147483647;
			files = (
				A11C000000000000000000011 /* MWDATCore in Frameworks */,
				A11C000000000000000000012 /* MWDATCamera in Frameworks */,
			);
			runOnlyForDeploymentPostprocessing = 0;
		};
		B0A000000000000000000031 /* Frameworks */ = {
			isa = PBXFrameworksBuildPhase;
			buildActionMask = 2147483647;
			files = (
			);
			runOnlyForDeploymentPostprocessing = 0;
		};
/* End PBXFrameworksBuildPhase section */

/* Begin PBXGroup section */
		9F16E6F530429BF5005C344C = {
			isa = PBXGroup;
			children = (
				9F16E70030429BF5005C344C /* MetaGemini */,
				B0A000000000000000000021 /* LumiTimerLiveActivity */,
				A11C000000000000000000021 /* Debug.xcconfig */,
				A11C000000000000000000022 /* Release.xcconfig */,
				9F16E6FF30429BF5005C344C /* Products */,
			);
			sourceTree = "<group>";
		};
		9F16E6FF30429BF5005C344C /* Products */ = {
			isa = PBXGroup;
			children = (
				9F16E6FE30429BF5005C344C /* MetaGemini.app */,
				B0A000000000000000000011 /* LumiTimerLiveActivity.appex */,
			);
			name = Products;
			sourceTree = "<group>";
		};
		B0A000000000000000000021 /* LumiTimerLiveActivity */ = {
			isa = PBXGroup;
			children = (
				B0A000000000000000000012 /* LumiTimerLiveActivity.swift */,
				B0A000000000000000000013 /* LumiTimerActivityAttributes.swift */,
				B0A000000000000000000014 /* Info.plist */,
			);
			path = LumiTimerLiveActivity;
			sourceTree = "<group>";
		};
/* End PBXGroup section */

/* Begin PBXNativeTarget section */
		9F16E6FD30429BF5005C344C /* MetaGemini */ = {
			isa = PBXNativeTarget;
			buildConfigurationList = 9F16E70930429BF6005C344C /* Build configuration list for PBXNativeTarget "MetaGemini" */;
			buildPhases = (
				9F16E6FA30429BF5005C344C /* Sources */,
				9F16E6FB30429BF5005C344C /* Frameworks */,
				B0A000000000000000000034 /* Embed App Extensions */,
				9F16E6FC30429BF5005C344C /* Resources */,
			);
			buildRules = (
			);
			dependencies = (
				B0A000000000000000000062 /* PBXTargetDependency */,
			);
			fileSystemSynchronizedGroups = (
				9F16E70030429BF5005C344C /* MetaGemini */,
			);
			name = MetaGemini;
			packageProductDependencies = (
				A11C000000000000000000041 /* MWDATCore */,
				A11C000000000000000000042 /* MWDATCamera */,
			);
			productName = MetaGemini;
			productReference = 9F16E6FE30429BF5005C344C /* MetaGemini.app */;
			productType = "com.apple.product-type.application";
		};
		B0A000000000000000000041 /* LumiTimerLiveActivity */ = {
			isa = PBXNativeTarget;
			buildConfigurationList = B0A000000000000000000051 /* Build configuration list for PBXNativeTarget "LumiTimerLiveActivity" */;
			buildPhases = (
				B0A000000000000000000033 /* Sources */,
				B0A000000000000000000031 /* Frameworks */,
				B0A000000000000000000032 /* Resources */,
			);
			buildRules = (
			);
			dependencies = (
			);
			name = LumiTimerLiveActivity;
			productName = LumiTimerLiveActivity;
			productReference = B0A000000000000000000011 /* LumiTimerLiveActivity.appex */;
			productType = "com.apple.product-type.app-extension";
		};
/* End PBXNativeTarget section */

/* Begin PBXProject section */
		9F16E6F630429BF5005C344C /* Project object */ = {
			isa = PBXProject;
			attributes = {
				BuildIndependentTargetsInParallel = 1;
				LastSwiftUpdateCheck = 2660;
				LastUpgradeCheck = 2660;
				TargetAttributes = {
					9F16E6FD30429BF5005C344C = {
						CreatedOnToolsVersion = 26.6;
					};
					B0A000000000000000000041 = {
						CreatedOnToolsVersion = 26.6;
					};
				};
			};
			buildConfigurationList = 9F16E6F930429BF5005C344C /* Build configuration list for PBXProject "MetaGemini" */;
			developmentRegion = en;
			hasScannedForEncodings = 0;
			knownRegions = (
				en,
				Base,
			);
			mainGroup = 9F16E6F530429BF5005C344C;
			minimizedProjectReferenceProxies = 1;
			preferredProjectObjectVersion = 77;
			productRefGroup = 9F16E6FF30429BF5005C344C /* Products */;
			packageReferences = (
				A11C000000000000000000031 /* XCRemoteSwiftPackageReference "meta-wearables-dat-ios" */,
			);
			projectDirPath = "";
			projectRoot = "";
			targets = (
				9F16E6FD30429BF5005C344C /* MetaGemini */,
				B0A000000000000000000041 /* LumiTimerLiveActivity */,
			);
		};
/* End PBXProject section */

/* Begin PBXResourcesBuildPhase section */
		9F16E6FC30429BF5005C344C /* Resources */ = {
			isa = PBXResourcesBuildPhase;
			buildActionMask = 2147483647;
			files = (
			);
			runOnlyForDeploymentPostprocessing = 0;
		};
		B0A000000000000000000032 /* Resources */ = {
			isa = PBXResourcesBuildPhase;
			buildActionMask = 2147483647;
			files = (
			);
			runOnlyForDeploymentPostprocessing = 0;
		};
/* End PBXResourcesBuildPhase section */

/* Begin PBXSourcesBuildPhase section */
		9F16E6FA30429BF5005C344C /* Sources */ = {
			isa = PBXSourcesBuildPhase;
			buildActionMask = 2147483647;
			files = (
			);
			runOnlyForDeploymentPostprocessing = 0;
		};
		B0A000000000000000000033 /* Sources */ = {
			isa = PBXSourcesBuildPhase;
			buildActionMask = 2147483647;
			files = (
				B0A000000000000000000001 /* LumiTimerLiveActivity.swift in Sources */,
				B0A000000000000000000002 /* LumiTimerActivityAttributes.swift in Sources */,
			);
			runOnlyForDeploymentPostprocessing = 0;
		};
/* End PBXSourcesBuildPhase section */

/* Begin PBXTargetDependency section */
		B0A000000000000000000062 /* PBXTargetDependency */ = {
			isa = PBXTargetDependency;
			target = B0A000000000000000000041 /* LumiTimerLiveActivity */;
			targetProxy = B0A000000000000000000061 /* PBXContainerItemProxy */;
		};
/* End PBXTargetDependency section */

/* Begin XCBuildConfiguration section */
		9F16E70730429BF6005C344C /* Debug */ = {
			isa = XCBuildConfiguration;
			buildSettings = {
				ALWAYS_SEARCH_USER_PATHS = NO;
				ASSETCATALOG_COMPILER_GENERATE_SWIFT_ASSET_SYMBOL_EXTENSIONS = YES;
				CLANG_ANALYZER_NONNULL = YES;
				CLANG_ANALYZER_NUMBER_OBJECT_CONVERSION = YES_AGGRESSIVE;
				CLANG_CXX_LANGUAGE_STANDARD = "gnu++20";
				CLANG_ENABLE_MODULES = YES;
				CLANG_ENABLE_OBJC_ARC = YES;
				CLANG_ENABLE_OBJC_WEAK = YES;
				CLANG_WARN_BLOCK_CAPTURE_AUTORELEASING = YES;
				CLANG_WARN_BOOL_CONVERSION = YES;
				CLANG_WARN_COMMA = YES;
				CLANG_WARN_CONSTANT_CONVERSION = YES;
				CLANG_WARN_DEPRECATED_OBJC_IMPLEMENTATIONS = YES;
				CLANG_WARN_DIRECT_OBJC_ISA_USAGE = YES_ERROR;
				CLANG_WARN_DOCUMENTATION_COMMENTS = YES;
				CLANG_WARN_EMPTY_BODY = YES;
				CLANG_WARN_ENUM_CONVERSION = YES;
				CLANG_WARN_INFINITE_RECURSION = YES;
				CLANG_WARN_INT_CONVERSION = YES;
				CLANG_WARN_NON_LITERAL_NULL_CONVERSION = YES;
				CLANG_WARN_OBJC_IMPLICIT_RETAIN_SELF = YES;
				CLANG_WARN_OBJC_LITERAL_CONVERSION = YES;
				CLANG_WARN_OBJC_ROOT_CLASS = YES_ERROR;
				CLANG_WARN_QUOTED_INCLUDE_IN_FRAMEWORK_HEADER = YES;
				CLANG_WARN_RANGE_LOOP_ANALYSIS = YES;
				CLANG_WARN_STRICT_PROTOTYPES = YES;
				CLANG_WARN_SUSPICIOUS_MOVE = YES;
				CLANG_WARN_UNGUARDED_AVAILABILITY = YES_AGGRESSIVE;
				CLANG_WARN_UNREACHABLE_CODE = YES;
				CLANG_WARN__DUPLICATE_METHOD_MATCH = YES;
				COPY_PHASE_STRIP = NO;
				DEBUG_INFORMATION_FORMAT = dwarf;
				DEVELOPMENT_TEAM = MKG874C4B4;
				ENABLE_STRICT_OBJC_MSGSEND = YES;
				ENABLE_TESTABILITY = YES;
				ENABLE_USER_SCRIPT_SANDBOXING = YES;
				GCC_C_LANGUAGE_STANDARD = gnu17;
				GCC_DYNAMIC_NO_PIC = NO;
				GCC_NO_COMMON_BLOCKS = YES;
				GCC_OPTIMIZATION_LEVEL = 0;
				GCC_PREPROCESSOR_DEFINITIONS = (
					"DEBUG=1",
					"$(inherited)",
				);
				GCC_WARN_64_TO_32_BIT_CONVERSION = YES;
				GCC_WARN_ABOUT_RETURN_TYPE = YES_ERROR;
				GCC_WARN_UNDECLARED_SELECTOR = YES;
				GCC_WARN_UNINITIALIZED_AUTOS = YES_AGGRESSIVE;
				GCC_WARN_UNUSED_FUNCTION = YES;
				GCC_WARN_UNUSED_VARIABLE = YES;
				IPHONEOS_DEPLOYMENT_TARGET = 26.5;
				LOCALIZATION_PREFERS_STRING_CATALOGS = YES;
				MTL_ENABLE_DEBUG_INFO = INCLUDE_SOURCE;
				MTL_FAST_MATH = YES;
				ONLY_ACTIVE_ARCH = YES;
				SDKROOT = iphoneos;
				SWIFT_ACTIVE_COMPILATION_CONDITIONS = "DEBUG $(inherited)";
				SWIFT_OPTIMIZATION_LEVEL = "-Onone";
			};
			name = Debug;
		};
		9F16E70830429BF6005C344C /* Release */ = {
			isa = XCBuildConfiguration;
			buildSettings = {
				ALWAYS_SEARCH_USER_PATHS = NO;
				ASSETCATALOG_COMPILER_GENERATE_SWIFT_ASSET_SYMBOL_EXTENSIONS = YES;
				CLANG_ANALYZER_NONNULL = YES;
				CLANG_ANALYZER_NUMBER_OBJECT_CONVERSION = YES_AGGRESSIVE;
				CLANG_CXX_LANGUAGE_STANDARD = "gnu++20";
				CLANG_ENABLE_MODULES = YES;
				CLANG_ENABLE_OBJC_ARC = YES;
				CLANG_ENABLE_OBJC_WEAK = YES;
				CLANG_WARN_BLOCK_CAPTURE_AUTORELEASING = YES;
				CLANG_WARN_BOOL_CONVERSION = YES;
				CLANG_WARN_COMMA = YES;
				CLANG_WARN_CONSTANT_CONVERSION = YES;
				CLANG_WARN_DEPRECATED_OBJC_IMPLEMENTATIONS = YES;
				CLANG_WARN_DIRECT_OBJC_ISA_USAGE = YES_ERROR;
				CLANG_WARN_DOCUMENTATION_COMMENTS = YES;
				CLANG_WARN_EMPTY_BODY = YES;
				CLANG_WARN_ENUM_CONVERSION = YES;
				CLANG_WARN_INFINITE_RECURSION = YES;
				CLANG_WARN_INT_CONVERSION = YES;
				CLANG_WARN_NON_LITERAL_NULL_CONVERSION = YES;
				CLANG_WARN_OBJC_IMPLICIT_RETAIN_SELF = YES;
				CLANG_WARN_OBJC_LITERAL_CONVERSION = YES;
				CLANG_WARN_OBJC_ROOT_CLASS = YES_ERROR;
				CLANG_WARN_QUOTED_INCLUDE_IN_FRAMEWORK_HEADER = YES;
				CLANG_WARN_RANGE_LOOP_ANALYSIS = YES;
				CLANG_WARN_STRICT_PROTOTYPES = YES;
				CLANG_WARN_SUSPICIOUS_MOVE = YES;
				CLANG_WARN_UNGUARDED_AVAILABILITY = YES_AGGRESSIVE;
				CLANG_WARN_UNREACHABLE_CODE = YES;
				CLANG_WARN__DUPLICATE_METHOD_MATCH = YES;
				COPY_PHASE_STRIP = NO;
				DEBUG_INFORMATION_FORMAT = "dwarf-with-dsym";
				DEVELOPMENT_TEAM = MKG874C4B4;
				ENABLE_NS_ASSERTIONS = NO;
				ENABLE_STRICT_OBJC_MSGSEND = YES;
				ENABLE_USER_SCRIPT_SANDBOXING = YES;
				GCC_C_LANGUAGE_STANDARD = gnu17;
				GCC_NO_COMMON_BLOCKS = YES;
				GCC_WARN_64_TO_32_BIT_CONVERSION = YES;
				GCC_WARN_ABOUT_RETURN_TYPE = YES_ERROR;
				GCC_WARN_UNDECLARED_SELECTOR = YES;
				GCC_WARN_UNINITIALIZED_AUTOS = YES_AGGRESSIVE;
				GCC_WARN_UNUSED_FUNCTION = YES;
				GCC_WARN_UNUSED_VARIABLE = YES;
				IPHONEOS_DEPLOYMENT_TARGET = 26.5;
				LOCALIZATION_PREFERS_STRING_CATALOGS = YES;
				MTL_ENABLE_DEBUG_INFO = NO;
				MTL_FAST_MATH = YES;
				SDKROOT = iphoneos;
				SWIFT_COMPILATION_MODE = wholemodule;
				VALIDATE_PRODUCT = YES;
			};
			name = Release;
		};
		9F16E70A30429BF6005C344C /* Debug */ = {
			isa = XCBuildConfiguration;
			baseConfigurationReference = A11C000000000000000000021 /* Debug.xcconfig */;
			buildSettings = {
				ASSETCATALOG_COMPILER_APPICON_NAME = AppIcon;
				ASSETCATALOG_COMPILER_GLOBAL_ACCENT_COLOR_NAME = AccentColor;
				CODE_SIGN_STYLE = Automatic;
				CURRENT_PROJECT_VERSION = 1;
				DEVELOPMENT_TEAM = MKG874C4B4;
				ENABLE_PREVIEWS = YES;
				CODE_SIGN_ENTITLEMENTS = MetaGemini/MetaGemini.entitlements;
				GENERATE_INFOPLIST_FILE = NO;
				INFOPLIST_FILE = Info.plist;
				INFOPLIST_KEY_UIApplicationSceneManifest_Generation = YES;
				INFOPLIST_KEY_UIApplicationSupportsIndirectInputEvents = YES;
				INFOPLIST_KEY_UILaunchScreen_Generation = YES;
				INFOPLIST_KEY_UISupportedInterfaceOrientations_iPad = "UIInterfaceOrientationPortrait UIInterfaceOrientationPortraitUpsideDown UIInterfaceOrientationLandscapeLeft UIInterfaceOrientationLandscapeRight";
				INFOPLIST_KEY_UISupportedInterfaceOrientations_iPhone = "UIInterfaceOrientationPortrait UIInterfaceOrientationLandscapeLeft UIInterfaceOrientationLandscapeRight";
				LD_RUNPATH_SEARCH_PATHS = (
					"$(inherited)",
					"@executable_path/Frameworks",
				);
				MARKETING_VERSION = 1.0;
				PRODUCT_BUNDLE_IDENTIFIER = com.sunkwon.MetaGemini;
				PRODUCT_NAME = "$(TARGET_NAME)";
				STRING_CATALOG_GENERATE_SYMBOLS = YES;
				SWIFT_APPROACHABLE_CONCURRENCY = YES;
				SWIFT_DEFAULT_ACTOR_ISOLATION = MainActor;
				SWIFT_EMIT_LOC_STRINGS = YES;
				SWIFT_UPCOMING_FEATURE_MEMBER_IMPORT_VISIBILITY = YES;
				SWIFT_VERSION = 5.0;
				TARGETED_DEVICE_FAMILY = "1,2";
			};
			name = Debug;
		};
		9F16E70B30429BF6005C344C /* Release */ = {
			isa = XCBuildConfiguration;
			baseConfigurationReference = A11C000000000000000000022 /* Release.xcconfig */;
			buildSettings = {
				ASSETCATALOG_COMPILER_APPICON_NAME = AppIcon;
				ASSETCATALOG_COMPILER_GLOBAL_ACCENT_COLOR_NAME = AccentColor;
				CODE_SIGN_STYLE = Automatic;
				CURRENT_PROJECT_VERSION = 1;
				DEVELOPMENT_TEAM = MKG874C4B4;
				ENABLE_PREVIEWS = YES;
				CODE_SIGN_ENTITLEMENTS = MetaGemini/MetaGemini.entitlements;
				GENERATE_INFOPLIST_FILE = NO;
				INFOPLIST_FILE = Info.plist;
				INFOPLIST_KEY_UIApplicationSceneManifest_Generation = YES;
				INFOPLIST_KEY_UIApplicationSupportsIndirectInputEvents = YES;
				INFOPLIST_KEY_UILaunchScreen_Generation = YES;
				INFOPLIST_KEY_UISupportedInterfaceOrientations_iPad = "UIInterfaceOrientationPortrait UIInterfaceOrientationPortraitUpsideDown UIInterfaceOrientationLandscapeLeft UIInterfaceOrientationLandscapeRight";
				INFOPLIST_KEY_UISupportedInterfaceOrientations_iPhone = "UIInterfaceOrientationPortrait UIInterfaceOrientationLandscapeLeft UIInterfaceOrientationLandscapeRight";
				LD_RUNPATH_SEARCH_PATHS = (
					"$(inherited)",
					"@executable_path/Frameworks",
				);
				MARKETING_VERSION = 1.0;
				PRODUCT_BUNDLE_IDENTIFIER = com.sunkwon.MetaGemini;
				PRODUCT_NAME = "$(TARGET_NAME)";
				STRING_CATALOG_GENERATE_SYMBOLS = YES;
				SWIFT_APPROACHABLE_CONCURRENCY = YES;
				SWIFT_DEFAULT_ACTOR_ISOLATION = MainActor;
				SWIFT_EMIT_LOC_STRINGS = YES;
				SWIFT_UPCOMING_FEATURE_MEMBER_IMPORT_VISIBILITY = YES;
				SWIFT_VERSION = 5.0;
				TARGETED_DEVICE_FAMILY = "1,2";
			};
			name = Release;
		};
		B0A000000000000000000052 /* Debug */ = {
			isa = XCBuildConfiguration;
			buildSettings = {
				CODE_SIGN_STYLE = Automatic;
				CURRENT_PROJECT_VERSION = 1;
				DEVELOPMENT_TEAM = MKG874C4B4;
				GENERATE_INFOPLIST_FILE = NO;
				INFOPLIST_FILE = LumiTimerLiveActivity/Info.plist;
				IPHONEOS_DEPLOYMENT_TARGET = 26.5;
				MARKETING_VERSION = 1.0;
				PRODUCT_BUNDLE_IDENTIFIER = com.sunkwon.MetaGemini.LumiTimerLiveActivity;
				PRODUCT_NAME = "$(TARGET_NAME)";
				SKIP_INSTALL = YES;
				SWIFT_APPROACHABLE_CONCURRENCY = YES;
				SWIFT_DEFAULT_ACTOR_ISOLATION = MainActor;
				SWIFT_EMIT_LOC_STRINGS = YES;
				SWIFT_UPCOMING_FEATURE_MEMBER_IMPORT_VISIBILITY = YES;
				SWIFT_VERSION = 5.0;
				TARGETED_DEVICE_FAMILY = "1,2";
			};
			name = Debug;
		};
		B0A000000000000000000053 /* Release */ = {
			isa = XCBuildConfiguration;
			buildSettings = {
				CODE_SIGN_STYLE = Automatic;
				CURRENT_PROJECT_VERSION = 1;
				DEVELOPMENT_TEAM = MKG874C4B4;
				GENERATE_INFOPLIST_FILE = NO;
				INFOPLIST_FILE = LumiTimerLiveActivity/Info.plist;
				IPHONEOS_DEPLOYMENT_TARGET = 26.5;
				MARKETING_VERSION = 1.0;
				PRODUCT_BUNDLE_IDENTIFIER = com.sunkwon.MetaGemini.LumiTimerLiveActivity;
				PRODUCT_NAME = "$(TARGET_NAME)";
				SKIP_INSTALL = YES;
				SWIFT_APPROACHABLE_CONCURRENCY = YES;
				SWIFT_DEFAULT_ACTOR_ISOLATION = MainActor;
				SWIFT_EMIT_LOC_STRINGS = YES;
				SWIFT_UPCOMING_FEATURE_MEMBER_IMPORT_VISIBILITY = YES;
				SWIFT_VERSION = 5.0;
				TARGETED_DEVICE_FAMILY = "1,2";
			};
			name = Release;
		};
/* End XCBuildConfiguration section */

/* Begin XCConfigurationList section */
		9F16E6F930429BF5005C344C /* Build configuration list for PBXProject "MetaGemini" */ = {
			isa = XCConfigurationList;
			buildConfigurations = (
				9F16E70730429BF6005C344C /* Debug */,
				9F16E70830429BF6005C344C /* Release */,
			);
			defaultConfigurationIsVisible = 0;
			defaultConfigurationName = Release;
		};
		9F16E70930429BF6005C344C /* Build configuration list for PBXNativeTarget "MetaGemini" */ = {
			isa = XCConfigurationList;
			buildConfigurations = (
				9F16E70A30429BF6005C344C /* Debug */,
				9F16E70B30429BF6005C344C /* Release */,
			);
			defaultConfigurationIsVisible = 0;
			defaultConfigurationName = Release;
		};
		B0A000000000000000000051 /* Build configuration list for PBXNativeTarget "LumiTimerLiveActivity" */ = {
			isa = XCConfigurationList;
			buildConfigurations = (
				B0A000000000000000000052 /* Debug */,
				B0A000000000000000000053 /* Release */,
			);
			defaultConfigurationIsVisible = 0;
			defaultConfigurationName = Release;
		};
/* End XCConfigurationList section */

/* Begin XCRemoteSwiftPackageReference section */
		A11C000000000000000000031 /* XCRemoteSwiftPackageReference "meta-wearables-dat-ios" */ = {
			isa = XCRemoteSwiftPackageReference;
			repositoryURL = "https://github.com/facebook/meta-wearables-dat-ios";
			requirement = {
				kind = exactVersion;
				version = 0.9.0;
			};
		};
/* End XCRemoteSwiftPackageReference section */

/* Begin XCSwiftPackageProductDependency section */
		A11C000000000000000000041 /* MWDATCore */ = {
			isa = XCSwiftPackageProductDependency;
			package = A11C000000000000000000031 /* XCRemoteSwiftPackageReference "meta-wearables-dat-ios" */;
			productName = MWDATCore;
		};
		A11C000000000000000000042 /* MWDATCamera */ = {
			isa = XCSwiftPackageProductDependency;
			package = A11C000000000000000000031 /* XCRemoteSwiftPackageReference "meta-wearables-dat-ios" */;
			productName = MWDATCamera;
		};
/* End XCSwiftPackageProductDependency section */
	};
	rootObject = 9F16E6F630429BF5005C344C /* Project object */;
}
